
Microsoft Visual Studio Solution File, Format Version 12.00
# Visual Studio Version 17
VisualStudioVersion = 17.7.34221.43
MinimumVisualStudioVersion = 10.0.40219.1
Project("{9A19103F-16F7-4668-BE54-9A1E7A4F7556}") = "obilet_Assignment.MVC", "obilet_Assignment.MVC\obilet_Assignment.MVC.csproj", "{A325DB80-32A5-4DA5-8623-5358EAE23852}"
EndProject
Project("{9A19103F-16F7-4668-BE54-9A1E7A4F7556}") = "obilet_Assignment.Applicaiton", "obilet_Assignment.Applicaiton\obilet_Assignment.Applicaiton.csproj", "{F9C8CBE5-9F3E-41EE-B596-9471D81F2863}"
EndProject
Project("{FAE04EC0-301F-11D3-BF4B-00C04F79EFBC}") = "obilet_Assignment.UnitTest", "obilet_Assignment.UnitTest\obilet_Assignment.UnitTest.csproj", "{DF70859F-3C7A-4B15-9132-02246BE06E18}"
EndProject
Global
	GlobalSection(SolutionConfigurationPlatforms) = preSolution
		Debug|Any CPU = Debug|Any CPU
		Release|Any CPU = Release|Any CPU
	EndGlobalSection
	GlobalSection(ProjectConfigurationPlatforms) = postSolution
		{A325DB80-32A5-4DA5-8623-5358EAE23852}.Debug|Any CPU.ActiveCfg = Debug|Any CPU
		{A325DB80-32A5-4DA5-8623-5358EAE23852}.Debug|Any CPU.Build.0 = Debug|Any CPU
		{A325DB80-32A5-4DA5-8623-5358EAE23852}.Release|Any CPU.ActiveCfg = Release|Any CPU
		{A325DB80-32A5-4DA5-8623-5358EAE23852}.Release|Any CPU.Build.0 = Release|Any CPU
		{F9C8CBE5-9F3E-41EE-B596-9471D81F2863}.Debug|Any CPU.ActiveCfg = Debug|Any CPU
		{F9C8CBE5-9F3E-41EE-B596-9471D81F2863}.Debug|Any CPU.Build.0 = Debug|Any CPU
		{F9C8CBE5-9F3E-41EE-B596-9471D81F2863}.Release|Any CPU.ActiveCfg = Release|Any CPU
		{F9C8CBE5-9F3E-41EE-B596-9471D81F2863}.Release|Any CPU.Build.0 = Release|Any CPU
		{DF70859F-3C7A-4B15-9132-02246BE06E18}.Debug|Any CPU.ActiveCfg = Debug|Any CPU
		{DF70859F-3C7A-4B15-9132-02246BE06E18}.Debug|Any CPU.Build.0 = Debug|Any CPU
		{DF70859F-3C7A-4B15-9132-02246BE06E18}.Release|Any CPU.ActiveCfg = Release|Any CPU
		{DF70859F-3C7A-4B15-9132-02246BE06E18}.Release|Any CPU.Build.0 = Release|Any CPU
	EndGlobalSection
	GlobalSection(SolutionProperties) = preSolution
		HideSolutionNode = FALSE
	EndGlobalSection
	GlobalSection(ExtensibilityGlobals) = postSolution
		SolutionGuid = {52F93C83-7750-442A-B57B-372A7435B786}
	EndGlobalSection
EndGlobal
